
Microsoft Visual Studio Solution File, Format Version 12.00
# Visual Studio Version 17
VisualStudioVersion = 17.7.34031.279
MinimumVisualStudioVersion = 10.0.40219.1
Project("{FAE04EC0-301F-11D3-BF4B-00C04F79EFBC}") = "SPSS2024", "SPSS2024\SPSS2024.csproj", "{BE252155-C609-4F8B-AFC9-55A08E303870}"
EndProject
Global
	GlobalSection(SolutionConfigurationPlatforms) = preSolution
		Debug|Any CPU = Debug|Any CPU
		Release|Any CPU = Release|Any CPU
	EndGlobalSection
	GlobalSection(ProjectConfigurationPlatforms) = postSolution
		{BE252155-C609-4F8B-AFC9-55A08E303870}.Debug|Any CPU.ActiveCfg = Debug|Any CPU
		{BE252155-C609-4F8B-AFC9-55A08E303870}.Debug|Any CPU.Build.0 = Debug|Any CPU
		{BE252155-C609-4F8B-AFC9-55A08E303870}.Release|Any CPU.ActiveCfg = Release|Any CPU
		{BE252155-C609-4F8B-AFC9-55A08E303870}.Release|Any CPU.Build.0 = Release|Any CPU
	EndGlobalSection
	GlobalSection(SolutionProperties) = preSolution
		HideSolutionNode = FALSE
	EndGlobalSection
	GlobalSection(ExtensibilityGlobals) = postSolution
		SolutionGuid = {67A92E8E-B40C-4B5C-B064-25792FAF452A}
	EndGlobalSection
EndGlobal
